
Microsoft Visual Studio Solution File, Format Version 12.00
# Visual Studio 14
VisualStudioVersion = 14.0.24720.0
MinimumVisualStudioVersion = 10.0.40219.1
Project("{FAE04EC0-301F-11D3-BF4B-00C04F79EFBC}") = "FizzBuzz", "FizzbuzzRandori\FizzBuzz.csproj", "{5C13CCAC-A464-4ADF-97C2-B04E1A71BE79}"
EndProject
Project("{FAE04EC0-301F-11D3-BF4B-00C04F79EFBC}") = "FizzBuzzTest", "FizzbuzzTest\FizzBuzzTest.csproj", "{680CF5DD-B185-4D07-BDB3-06C66FF75B56}"
EndProject
Global
	GlobalSection(SolutionConfigurationPlatforms) = preSolution
		Debug|Any CPU = Debug|Any CPU
		Release|Any CPU = Release|Any CPU
	EndGlobalSection
	GlobalSection(ProjectConfigurationPlatforms) = postSolution
		{5C13CCAC-A464-4ADF-97C2-B04E1A71BE79}.Debug|Any CPU.ActiveCfg = Debug|Any CPU
		{5C13CCAC-A464-4ADF-97C2-B04E1A71BE79}.Debug|Any CPU.Build.0 = Debug|Any CPU
		{5C13CCAC-A464-4ADF-97C2-B04E1A71BE79}.Release|Any CPU.ActiveCfg = Release|Any CPU
		{5C13CCAC-A464-4ADF-97C2-B04E1A71BE79}.Release|Any CPU.Build.0 = Release|Any CPU
		{680CF5DD-B185-4D07-BDB3-06C66FF75B56}.Debug|Any CPU.ActiveCfg = Debug|Any CPU
		{680CF5DD-B185-4D07-BDB3-06C66FF75B56}.Debug|Any CPU.Build.0 = Debug|Any CPU
		{680CF5DD-B185-4D07-BDB3-06C66FF75B56}.Release|Any CPU.ActiveCfg = Release|Any CPU
		{680CF5DD-B185-4D07-BDB3-06C66FF75B56}.Release|Any CPU.Build.0 = Release|Any CPU
	EndGlobalSection
	GlobalSection(SolutionProperties) = preSolution
		HideSolutionNode = FALSE
	EndGlobalSection
EndGlobal
